
Microsoft Visual Studio Solution File, Format Version 12.00
# Visual Studio 14
VisualStudioVersion = 14.0.25420.1
MinimumVisualStudioVersion = 10.0.40219.1
Project("{FAE04EC0-301F-11D3-BF4B-00C04F79EFBC}") = "PTestDll", "PTestDll\PTestDll.csproj", "{8A156F12-246D-4D13-93E8-78381F3FEF04}"
EndProject
Project("{FAE04EC0-301F-11D3-BF4B-00C04F79EFBC}") = "Assembly-CSharp", "..\Assembly-CSharp.csproj", "{B15DC419-1B82-4769-6CFB-C49CBF4297D4}"
EndProject
Global
	GlobalSection(SolutionConfigurationPlatforms) = preSolution
		Debug|Any CPU = Debug|Any CPU
		Release|Any CPU = Release|Any CPU
	EndGlobalSection
	GlobalSection(ProjectConfigurationPlatforms) = postSolution
		{8A156F12-246D-4D13-93E8-78381F3FEF04}.Debug|Any CPU.ActiveCfg = Debug|Any CPU
		{8A156F12-246D-4D13-93E8-78381F3FEF04}.Debug|Any CPU.Build.0 = Debug|Any CPU
		{8A156F12-246D-4D13-93E8-78381F3FEF04}.Release|Any CPU.ActiveCfg = Release|Any CPU
		{8A156F12-246D-4D13-93E8-78381F3FEF04}.Release|Any CPU.Build.0 = Release|Any CPU
		{B15DC419-1B82-4769-6CFB-C49CBF4297D4}.Debug|Any CPU.ActiveCfg = Debug|Any CPU
		{B15DC419-1B82-4769-6CFB-C49CBF4297D4}.Debug|Any CPU.Build.0 = Debug|Any CPU
		{B15DC419-1B82-4769-6CFB-C49CBF4297D4}.Release|Any CPU.ActiveCfg = Release|Any CPU
		{B15DC419-1B82-4769-6CFB-C49CBF4297D4}.Release|Any CPU.Build.0 = Release|Any CPU
	EndGlobalSection
	GlobalSection(SolutionProperties) = preSolution
		HideSolutionNode = FALSE
	EndGlobalSection
EndGlobal
